
Microsoft Visual Studio Solution File, Format Version 12.00
# Visual Studio Version 17
VisualStudioVersion = 17.0.31903.59
MinimumVisualStudioVersion = 10.0.40219.1
Project("{FAE04EC0-301F-11D3-BF4B-00C04F79EFBC}") = "TaskSphere.API", "TaskSphere.API\TaskSphere.API.csproj", "{E2813953-908C-40F0-B95B-54E48FA57F16}"
EndProject
Project("{FAE04EC0-301F-11D3-BF4B-00C04F79EFBC}") = "TaskSphere.Application", "TaskSphere.Application\TaskSphere.Application.csproj", "{68415DB3-8820-4322-B156-5020412BF4F9}"
EndProject
Project("{FAE04EC0-301F-11D3-BF4B-00C04F79EFBC}") = "TaskSphere.Domain", "TaskSphere.Domain\TaskSphere.Domain.csproj", "{37707B6A-586C-49E3-ACB5-E2BA1E54E017}"
EndProject
Project("{FAE04EC0-301F-11D3-BF4B-00C04F79EFBC}") = "TaskSphere.Infrastructure", "TaskSphere.Infrastructure\TaskSphere.Infrastructure.csproj", "{3DEF41AC-D6F7-401C-A911-F50540EB240C}"
EndProject
Project("{FAE04EC0-301F-11D3-BF4B-00C04F79EFBC}") = "TaskSphere.UI", "TaskSphere.UI\TaskSphere.UI.csproj", "{03E04815-13B5-44DF-BE62-095B55DCF602}"
EndProject
Global
	GlobalSection(SolutionConfigurationPlatforms) = preSolution
		Debug|Any CPU = Debug|Any CPU
		Debug|x64 = Debug|x64
		Debug|x86 = Debug|x86
		Release|Any CPU = Release|Any CPU
		Release|x64 = Release|x64
		Release|x86 = Release|x86
	EndGlobalSection
	GlobalSection(ProjectConfigurationPlatforms) = postSolution
		{E2813953-908C-40F0-B95B-54E48FA57F16}.Debug|Any CPU.ActiveCfg = Debug|Any CPU
		{E2813953-908C-40F0-B95B-54E48FA57F16}.Debug|Any CPU.Build.0 = Debug|Any CPU
		{E2813953-908C-40F0-B95B-54E48FA57F16}.Debug|x64.ActiveCfg = Debug|Any CPU
		{E2813953-908C-40F0-B95B-54E48FA57F16}.Debug|x64.Build.0 = Debug|Any CPU
		{E2813953-908C-40F0-B95B-54E48FA57F16}.Debug|x86.ActiveCfg = Debug|Any CPU
		{E2813953-908C-40F0-B95B-54E48FA57F16}.Debug|x86.Build.0 = Debug|Any CPU
		{E2813953-908C-40F0-B95B-54E48FA57F16}.Release|Any CPU.ActiveCfg = Release|Any CPU
		{E2813953-908C-40F0-B95B-54E48FA57F16}.Release|Any CPU.Build.0 = Release|Any CPU
		{E2813953-908C-40F0-B95B-54E48FA57F16}.Release|x64.ActiveCfg = Release|Any CPU
		{E2813953-908C-40F0-B95B-54E48FA57F16}.Release|x64.Build.0 = Release|Any CPU
		{E2813953-908C-40F0-B95B-54E48FA57F16}.Release|x86.ActiveCfg = Release|Any CPU
		{E2813953-908C-40F0-B95B-54E48FA57F16}.Release|x86.Build.0 = Release|Any CPU
		{68415DB3-8820-4322-B156-5020412BF4F9}.Debug|Any CPU.ActiveCfg = Debug|Any CPU
		{68415DB3-8820-4322-B156-5020412BF4F9}.Debug|Any CPU.Build.0 = Debug|Any CPU
		{68415DB3-8820-4322-B156-5020412BF4F9}.Debug|x64.ActiveCfg = Debug|Any CPU
		{68415DB3-8820-4322-B156-5020412BF4F9}.Debug|x64.Build.0 = Debug|Any CPU
		{68415DB3-8820-4322-B156-5020412BF4F9}.Debug|x86.ActiveCfg = Debug|Any CPU
		{68415DB3-8820-4322-B156-5020412BF4F9}.Debug|x86.Build.0 = Debug|Any CPU
		{68415DB3-8820-4322-B156-5020412BF4F9}.Release|Any CPU.ActiveCfg = Release|Any CPU
		{68415DB3-8820-4322-B156-5020412BF4F9}.Release|Any CPU.Build.0 = Release|Any CPU
		{68415DB3-8820-4322-B156-5020412BF4F9}.Release|x64.ActiveCfg = Release|Any CPU
		{68415DB3-8820-4322-B156-5020412BF4F9}.Release|x64.Build.0 = Release|Any CPU
		{68415DB3-8820-4322-B156-5020412BF4F9}.Release|x86.ActiveCfg = Release|Any CPU
		{68415DB3-8820-4322-B156-5020412BF4F9}.Release|x86.Build.0 = Release|Any CPU
		{37707B6A-586C-49E3-ACB5-E2BA1E54E017}.Debug|Any CPU.ActiveCfg = Debug|Any CPU
		{37707B6A-586C-49E3-ACB5-E2BA1E54E017}.Debug|Any CPU.Build.0 = Debug|Any CPU
		{37707B6A-586C-49E3-ACB5-E2BA1E54E017}.Debug|x64.ActiveCfg = Debug|Any CPU
		{37707B6A-586C-49E3-ACB5-E2BA1E54E017}.Debug|x64.Build.0 = Debug|Any CPU
		{37707B6A-586C-49E3-ACB5-E2BA1E54E017}.Debug|x86.ActiveCfg = Debug|Any CPU
		{37707B6A-586C-49E3-ACB5-E2BA1E54E017}.Debug|x86.Build.0 = Debug|Any CPU
		{37707B6A-586C-49E3-ACB5-E2BA1E54E017}.Release|Any CPU.ActiveCfg = Release|Any CPU
		{37707B6A-586C-49E3-ACB5-E2BA1E54E017}.Release|Any CPU.Build.0 = Release|Any CPU
		{37707B6A-586C-49E3-ACB5-E2BA1E54E017}.Release|x64.ActiveCfg = Release|Any CPU
		{37707B6A-586C-49E3-ACB5-E2BA1E54E017}.Release|x64.Build.0 = Release|Any CPU
		{37707B6A-586C-49E3-ACB5-E2BA1E54E017}.Release|x86.ActiveCfg = Release|Any CPU
		{37707B6A-586C-49E3-ACB5-E2BA1E54E017}.Release|x86.Build.0 = Release|Any CPU
		{3DEF41AC-D6F7-401C-A911-F50540EB240C}.Debug|Any CPU.ActiveCfg = Debug|Any CPU
		{3DEF41AC-D6F7-401C-A911-F50540EB240C}.Debug|Any CPU.Build.0 = Debug|Any CPU
		{3DEF41AC-D6F7-401C-A911-F50540EB240C}.Debug|x64.ActiveCfg = Debug|Any CPU
		{3DEF41AC-D6F7-401C-A911-F50540EB240C}.Debug|x64.Build.0 = Debug|Any CPU
		{3DEF41AC-D6F7-401C-A911-F50540EB240C}.Debug|x86.ActiveCfg = Debug|Any CPU
		{3DEF41AC-D6F7-401C-A911-F50540EB240C}.Debug|x86.Build.0 = Debug|Any CPU
		{3DEF41AC-D6F7-401C-A911-F50540EB240C}.Release|Any CPU.ActiveCfg = Release|Any CPU
		{3DEF41AC-D6F7-401C-A911-F50540EB240C}.Release|Any CPU.Build.0 = Release|Any CPU
		{3DEF41AC-D6F7-401C-A911-F50540EB240C}.Release|x64.ActiveCfg = Release|Any CPU
		{3DEF41AC-D6F7-401C-A911-F50540EB240C}.Release|x64.Build.0 = Release|Any CPU
		{3DEF41AC-D6F7-401C-A911-F50540EB240C}.Release|x86.ActiveCfg = Release|Any CPU
		{3DEF41AC-D6F7-401C-A911-F50540EB240C}.Release|x86.Build.0 = Release|Any CPU
		{03E04815-13B5-44DF-BE62-095B55DCF602}.Debug|Any CPU.ActiveCfg = Debug|Any CPU
		{03E04815-13B5-44DF-BE62-095B55DCF602}.Debug|Any CPU.Build.0 = Debug|Any CPU
		{03E04815-13B5-44DF-BE62-095B55DCF602}.Debug|x64.ActiveCfg = Debug|Any CPU
		{03E04815-13B5-44DF-BE62-095B55DCF602}.Debug|x64.Build.0 = Debug|Any CPU
		{03E04815-13B5-44DF-BE62-095B55DCF602}.Debug|x86.ActiveCfg = Debug|Any CPU
		{03E04815-13B5-44DF-BE62-095B55DCF602}.Debug|x86.Build.0 = Debug|Any CPU
		{03E04815-13B5-44DF-BE62-095B55DCF602}.Release|Any CPU.ActiveCfg = Release|Any CPU
		{03E04815-13B5-44DF-BE62-095B55DCF602}.Release|Any CPU.Build.0 = Release|Any CPU
		{03E04815-13B5-44DF-BE62-095B55DCF602}.Release|x64.ActiveCfg = Release|Any CPU
		{03E04815-13B5-44DF-BE62-095B55DCF602}.Release|x64.Build.0 = Release|Any CPU
		{03E04815-13B5-44DF-BE62-095B55DCF602}.Release|x86.ActiveCfg = Release|Any CPU
		{03E04815-13B5-44DF-BE62-095B55DCF602}.Release|x86.Build.0 = Release|Any CPU
	EndGlobalSection
	GlobalSection(SolutionProperties) = preSolution
		HideSolutionNode = FALSE
	EndGlobalSection
EndGlobal
